
Microsoft Visual Studio Solution File, Format Version 12.00
Project("{FAE04EC0-301F-11D3-BF4B-00C04F79EFBC}") = "VTS", "VTS.csproj", "{E085B96C-2F16-4E6D-A991-EF29C2E1FF6C}"
EndProject
Global
	GlobalSection(SolutionConfigurationPlatforms) = preSolution
		Debug|Any CPU = Debug|Any CPU
		Release|Any CPU = Release|Any CPU
	EndGlobalSection
	GlobalSection(ProjectConfigurationPlatforms) = postSolution
		{E085B96C-2F16-4E6D-A991-EF29C2E1FF6C}.Debug|Any CPU.ActiveCfg = Debug|Any CPU
		{E085B96C-2F16-4E6D-A991-EF29C2E1FF6C}.Debug|Any CPU.Build.0 = Debug|Any CPU
		{E085B96C-2F16-4E6D-A991-EF29C2E1FF6C}.Release|Any CPU.ActiveCfg = Release|Any CPU
		{E085B96C-2F16-4E6D-A991-EF29C2E1FF6C}.Release|Any CPU.Build.0 = Release|Any CPU
	EndGlobalSection
	GlobalSection(NestedProjects) = preSolution
	EndGlobalSection
EndGlobal
